
Microsoft Visual Studio Solution File, Format Version 12.00
# Visual Studio Version 16
VisualStudioVersion = 16.0.29728.190
MinimumVisualStudioVersion = 10.0.40219.1
Project("{9A19103F-16F7-4668-BE54-9A1E7A4F7556}") = "DbMigration", "DbMigration\DbMigration.csproj", "{B62BE6FD-945D-4FD5-85C4-5B7A2982DF87}"
EndProject
Project("{FAE04EC0-301F-11D3-BF4B-00C04F79EFBC}") = "RestAPI", "RestAPI\RestAPI.csproj", "{24FEB5EF-4587-48D4-8783-D7BCBB43AE90}"
EndProject
Project("{FAE04EC0-301F-11D3-BF4B-00C04F79EFBC}") = "Infrastructure", "Infrastructure\Infrastructure.csproj", "{847D4216-AD4A-4659-8ED1-F8FDBF4195D1}"
EndProject
Project("{FAE04EC0-301F-11D3-BF4B-00C04F79EFBC}") = "Core", "Core\Core.csproj", "{3F3C2DA4-D57D-4081-AA45-93D82B36917B}"
EndProject
Global
	GlobalSection(SolutionConfigurationPlatforms) = preSolution
		Debug|Any CPU = Debug|Any CPU
		Release|Any CPU = Release|Any CPU
	EndGlobalSection
	GlobalSection(ProjectConfigurationPlatforms) = postSolution
		{B62BE6FD-945D-4FD5-85C4-5B7A2982DF87}.Debug|Any CPU.ActiveCfg = Debug|Any CPU
		{B62BE6FD-945D-4FD5-85C4-5B7A2982DF87}.Debug|Any CPU.Build.0 = Debug|Any CPU
		{B62BE6FD-945D-4FD5-85C4-5B7A2982DF87}.Release|Any CPU.ActiveCfg = Release|Any CPU
		{B62BE6FD-945D-4FD5-85C4-5B7A2982DF87}.Release|Any CPU.Build.0 = Release|Any CPU
		{24FEB5EF-4587-48D4-8783-D7BCBB43AE90}.Debug|Any CPU.ActiveCfg = Debug|Any CPU
		{24FEB5EF-4587-48D4-8783-D7BCBB43AE90}.Debug|Any CPU.Build.0 = Debug|Any CPU
		{24FEB5EF-4587-48D4-8783-D7BCBB43AE90}.Release|Any CPU.ActiveCfg = Release|Any CPU
		{24FEB5EF-4587-48D4-8783-D7BCBB43AE90}.Release|Any CPU.Build.0 = Release|Any CPU
		{847D4216-AD4A-4659-8ED1-F8FDBF4195D1}.Debug|Any CPU.ActiveCfg = Debug|Any CPU
		{847D4216-AD4A-4659-8ED1-F8FDBF4195D1}.Debug|Any CPU.Build.0 = Debug|Any CPU
		{847D4216-AD4A-4659-8ED1-F8FDBF4195D1}.Release|Any CPU.ActiveCfg = Release|Any CPU
		{847D4216-AD4A-4659-8ED1-F8FDBF4195D1}.Release|Any CPU.Build.0 = Release|Any CPU
		{3F3C2DA4-D57D-4081-AA45-93D82B36917B}.Debug|Any CPU.ActiveCfg = Debug|Any CPU
		{3F3C2DA4-D57D-4081-AA45-93D82B36917B}.Debug|Any CPU.Build.0 = Debug|Any CPU
		{3F3C2DA4-D57D-4081-AA45-93D82B36917B}.Release|Any CPU.ActiveCfg = Release|Any CPU
		{3F3C2DA4-D57D-4081-AA45-93D82B36917B}.Release|Any CPU.Build.0 = Release|Any CPU
	EndGlobalSection
	GlobalSection(SolutionProperties) = preSolution
		HideSolutionNode = FALSE
	EndGlobalSection
	GlobalSection(ExtensibilityGlobals) = postSolution
		SolutionGuid = {62E81FFB-9D9F-44D5-A367-F2EBF2F75A1E}
	EndGlobalSection
EndGlobal
